
Microsoft Visual Studio Solution File, Format Version 12.00
# Visual Studio Version 16
VisualStudioVersion = 25.0.1704.1
MinimumVisualStudioVersion = 10.0.40219.1
Project("{FAE04EC0-301F-11D3-BF4B-00C04F79EFBC}") = "didntreally.HabitTracker", "didntreally.HabitTracker.csproj", "{BA0BF9AE-B6FD-409B-A5B8-A58796AF9439}"
EndProject
Global
	GlobalSection(SolutionConfigurationPlatforms) = preSolution
		Debug|Any CPU = Debug|Any CPU
		Release|Any CPU = Release|Any CPU
	EndGlobalSection
	GlobalSection(ProjectConfigurationPlatforms) = postSolution
		{BA0BF9AE-B6FD-409B-A5B8-A58796AF9439}.Debug|Any CPU.ActiveCfg = Debug|Any CPU
		{BA0BF9AE-B6FD-409B-A5B8-A58796AF9439}.Debug|Any CPU.Build.0 = Debug|Any CPU
		{BA0BF9AE-B6FD-409B-A5B8-A58796AF9439}.Release|Any CPU.ActiveCfg = Release|Any CPU
		{BA0BF9AE-B6FD-409B-A5B8-A58796AF9439}.Release|Any CPU.Build.0 = Release|Any CPU
	EndGlobalSection
	GlobalSection(SolutionProperties) = preSolution
		HideSolutionNode = FALSE
	EndGlobalSection
	GlobalSection(ExtensibilityGlobals) = postSolution
		SolutionGuid = {2794A2C2-32AF-4F89-91DB-35D381D131DB}
	EndGlobalSection
EndGlobal
